<?xml version="1.0" encoding="utf-8"?>
<Project ToolsVersion="4.0" xmlns="http://schemas.microsoft.com/developer/msbuild/2003">
  <ItemGroup>
    <Filter Include="Source Files">
      <UniqueIdentifier>{4FC737F1-C7A5-4376-A066-2A32D752A2FF}</UniqueIdentifier>
      <Extensions>cpp;c;cc;cxx;def;odl;idl;hpj;bat;asm;asmx</Extensions>
    </Filter>
    <Filter Include="Header Files">
      <UniqueIdentifier>{93995380-89BD-4b04-88EB-625FBE52EBFB}</UniqueIdentifier>
      <Extensions>h;hh;hpp;hxx;hm;inl;inc;xsd</Extensions>
    </Filter>
    <Filter Include="Resource Files">
      <UniqueIdentifier>{67DA6AB6-F800-4c08-8B7A-83BB121AAD01}</UniqueIdentifier>
      <Extensions>rc;ico;cur;bmp;dlg;rc2;rct;bin;rgs;gif;jpg;jpeg;jpe;resx;tiff;tif;png;wav</Extensions>
    </Filter>
  </ItemGroup>
  <ItemGroup>
    <ClCompile Include="everything-sdk\example\dll.test.cpp">
      <Filter>Source Files</Filter>
    </ClCompile>
    <ClCompile Include="everything-sdk\example\dll.test.c">
      <Filter>Source Files</Filter>
    </ClCompile>
    <ClCompile Include="everything-sdk\src\everything-test.c">
      <Filter>Source Files</Filter>
    </ClCompile>
    <ClCompile Include="everything-sdk\src\Everything.c">
      <Filter>Source Files</Filter>
    </ClCompile>
  </ItemGroup>
  <ItemGroup>
    <None Include="everything-sdk\src\Everything32.def">
      <Filter>Source Files</Filter>
    </None>
    <None Include="everything-sdk\src\Everything64.def">
      <Filter>Source Files</Filter>
    </None>
  </ItemGroup>
  <ItemGroup>
    <ClInclude Include="everything-sdk\include\Everything.h">
      <Filter>Header Files</Filter>
    </ClInclude>
    <ClInclude Include="everything-sdk\ipc\everything_ipc.h">
      <Filter>Header Files</Filter>
    </ClInclude>
  </ItemGroup>
  <ItemGroup>
    <EmbeddedResource Include="everything-sdk\example\csharp\Form1.resx">
      <Filter>Resource Files</Filter>
    </EmbeddedResource>
    <EmbeddedResource Include="everything-sdk\example\csharp\properties\Resources.resx">
      <Filter>Resource Files</Filter>
    </EmbeddedResource>
    <EmbeddedResource Include="everything-sdk\example\csharpx64\Form1.resx">
      <Filter>Resource Files</Filter>
    </EmbeddedResource>
    <EmbeddedResource Include="everything-sdk\example\csharpx64\properties\Resources.resx">
      <Filter>Resource Files</Filter>
    </EmbeddedResource>
    <EmbeddedResource Include="everything-sdk\example\visual basic\windowsapplication1\windowsapplication1\Form1.resx">
      <Filter>Resource Files</Filter>
    </EmbeddedResource>
    <EmbeddedResource Include="everything-sdk\example\visual basic\windowsapplication1\windowsapplication1\my project\Resources.resx">
      <Filter>Resource Files</Filter>
    </EmbeddedResource>
  </ItemGroup>
</Project>